// !$*UTF8*$!
{
	archiveVersion = 1;
	classes = {
	};
	objectVersion = 56;
	objects = {

/* Begin PBXBuildFile section */
		745F07D62CB97B38002D5319 /* main.swift in Sources */ = {isa = PBXBuildFile; fileRef = 745F07D52CB97B38002D5319 /* main.swift */; };
		745F07DD2CB97D82002D5319 /* Utility.swift in Sources */ = {isa = PBXBuildFile; fileRef = 745F07DC2CB97D82002D5319 /* Utility.swift */; };
		745F07DF2CB981B8002D5319 /* Restore.swift in Sources */ = {isa = PBXBuildFile; fileRef = 745F07DE2CB981B8002D5319 /* Restore.swift */; };
		745F07E32CB98352002D5319 /* Manually.swift in Sources */ = {isa = PBXBuildFile; fileRef = 745F07E22CB98352002D5319 /* Manually.swift */; };
		745F07E52CB98477002D5319 /* MoonWalk.swift in Sources */ = {isa = PBXBuildFile; fileRef = 745F07E42CB98477002D5319 /* MoonWalk.swift */; };
		745F07E72CB9856D002D5319 /* Earth.swift in Sources */ = {isa = PBXBuildFile; fileRef = 745F07E62CB9856D002D5319 /* Earth.swift */; };
		745F07E92CB98629002D5319 /* nations.swift in Sources */ = {isa = PBXBuildFile; fileRef = 745F07E82CB98629002D5319 /* nations.swift */; };
		745F07ED2CB98859002D5319 /* ShipAI.swift in Sources */ = {isa = PBXBuildFile; fileRef = 745F07EC2CB98859002D5319 /* ShipAI.swift */; };
		745F07F12CB989B2002D5319 /* QuestionOne.swift in Sources */ = {isa = PBXBuildFile; fileRef = 745F07F02CB989B2002D5319 /* QuestionOne.swift */; };
		745F07F52CB98A65002D5319 /* QuestionOneY.swift in Sources */ = {isa = PBXBuildFile; fileRef = 745F07F42CB98A65002D5319 /* QuestionOneY.swift */; };
		745F07F92CB98BA7002D5319 /* QuestionOneYYN.swift in Sources */ = {isa = PBXBuildFile; fileRef = 745F07F82CB98BA7002D5319 /* QuestionOneYYN.swift */; };
		745F07FB2CB98BD0002D5319 /* QuestionOneYY.swift in Sources */ = {isa = PBXBuildFile; fileRef = 745F07FA2CB98BD0002D5319 /* QuestionOneYY.swift */; };
		745F07FE2CB98CA1002D5319 /* shrimpBarbie.swift in Sources */ = {isa = PBXBuildFile; fileRef = 745F07FD2CB98CA1002D5319 /* shrimpBarbie.swift */; };
		745F08002CB98D94002D5319 /* cookIt.swift in Sources */ = {isa = PBXBuildFile; fileRef = 745F07FF2CB98D94002D5319 /* cookIt.swift */; };
		745F08022CB98E69002D5319 /* eatIt.swift in Sources */ = {isa = PBXBuildFile; fileRef = 745F08012CB98E69002D5319 /* eatIt.swift */; };
		745F08042CB98F2A002D5319 /* AngryOne.swift in Sources */ = {isa = PBXBuildFile; fileRef = 745F08032CB98F2A002D5319 /* AngryOne.swift */; };
		745F08062CB98FE7002D5319 /* AngryTwo.swift in Sources */ = {isa = PBXBuildFile; fileRef = 745F08052CB98FE7002D5319 /* AngryTwo.swift */; };
		745F08082CB9905A002D5319 /* AngryThree.swift in Sources */ = {isa = PBXBuildFile; fileRef = 745F08072CB9905A002D5319 /* AngryThree.swift */; };
		745F080B2CB990F5002D5319 /* Armory.swift in Sources */ = {isa = PBXBuildFile; fileRef = 745F080A2CB990F5002D5319 /* Armory.swift */; };
		745F080D2CB991CD002D5319 /* Guns.swift in Sources */ = {isa = PBXBuildFile; fileRef = 745F080C2CB991CD002D5319 /* Guns.swift */; };
		745F080F2CB99234002D5319 /* shootPistol.swift in Sources */ = {isa = PBXBuildFile; fileRef = 745F080E2CB99234002D5319 /* shootPistol.swift */; };
		745F08112CB9930A002D5319 /* shootShotgun.swift in Sources */ = {isa = PBXBuildFile; fileRef = 745F08102CB9930A002D5319 /* shootShotgun.swift */; };
		745F08132CB99381002D5319 /* burgers.swift in Sources */ = {isa = PBXBuildFile; fileRef = 745F08122CB99381002D5319 /* burgers.swift */; };
		745F08152CB99448002D5319 /* freezer.swift in Sources */ = {isa = PBXBuildFile; fileRef = 745F08142CB99448002D5319 /* freezer.swift */; };
		745F08172CB994D4002D5319 /* lockFreezer.swift in Sources */ = {isa = PBXBuildFile; fileRef = 745F08162CB994D4002D5319 /* lockFreezer.swift */; };
		745F081D2CB9966C002D5319 /* lockFreezerTwo.swift in Sources */ = {isa = PBXBuildFile; fileRef = 745F081C2CB9966C002D5319 /* lockFreezerTwo.swift */; };
/* End PBXBuildFile section */

/* Begin PBXCopyFilesBuildPhase section */
		745F07D02CB97B38002D5319 /* CopyFiles */ = {
			isa = PBXCopyFilesBuildPhase;
			buildActionMask = 2147483647;
			dstPath = /usr/share/man/man1/;
			dstSubfolderSpec = 0;
			files = (
			);
			runOnlyForDeploymentPostprocessing = 1;
		};
/* End PBXCopyFilesBuildPhase section */

/* Begin PBXFileReference section */
		745F07D22CB97B38002D5319 /* TheEclipseProtocol */ = {isa = PBXFileReference; explicitFileType = "compiled.mach-o.executable"; includeInIndex = 0; path = TheEclipseProtocol; sourceTree = BUILT_PRODUCTS_DIR; };
		745F07D52CB97B38002D5319 /* main.swift */ = {isa = PBXFileReference; lastKnownFileType = sourcecode.swift; path = main.swift; sourceTree = "<group>"; };
		745F07DC2CB97D82002D5319 /* Utility.swift */ = {isa = PBXFileReference; lastKnownFileType = sourcecode.swift; path = Utility.swift; sourceTree = "<group>"; };
		745F07DE2CB981B8002D5319 /* Restore.swift */ = {isa = PBXFileReference; lastKnownFileType = sourcecode.swift; path = Restore.swift; sourceTree = "<group>"; };
		745F07E22CB98352002D5319 /* Manually.swift */ = {isa = PBXFileReference; lastKnownFileType = sourcecode.swift; path = Manually.swift; sourceTree = "<group>"; };
		745F07E42CB98477002D5319 /* MoonWalk.swift */ = {isa = PBXFileReference; lastKnownFileType = sourcecode.swift; path = MoonWalk.swift; sourceTree = "<group>"; };
		745F07E62CB9856D002D5319 /* Earth.swift */ = {isa = PBXFileReference; lastKnownFileType = sourcecode.swift; path = Earth.swift; sourceTree = "<group>"; };
		745F07E82CB98629002D5319 /* nations.swift */ = {isa = PBXFileReference; lastKnownFileType = sourcecode.swift; path = nations.swift; sourceTree = "<group>"; };
		745F07EC2CB98859002D5319 /* ShipAI.swift */ = {isa = PBXFileReference; lastKnownFileType = sourcecode.swift; path = ShipAI.swift; sourceTree = "<group>"; };
		745F07F02CB989B2002D5319 /* QuestionOne.swift */ = {isa = PBXFileReference; lastKnownFileType = sourcecode.swift; path = QuestionOne.swift; sourceTree = "<group>"; };
		745F07F42CB98A65002D5319 /* QuestionOneY.swift */ = {isa = PBXFileReference; lastKnownFileType = sourcecode.swift; path = QuestionOneY.swift; sourceTree = "<group>"; };
		745F07F82CB98BA7002D5319 /* QuestionOneYYN.swift */ = {isa = PBXFileReference; lastKnownFileType = sourcecode.swift; path = QuestionOneYYN.swift; sourceTree = "<group>"; };
		745F07FA2CB98BD0002D5319 /* QuestionOneYY.swift */ = {isa = PBXFileReference; lastKnownFileType = sourcecode.swift; path = QuestionOneYY.swift; sourceTree = "<group>"; };
		745F07FD2CB98CA1002D5319 /* shrimpBarbie.swift */ = {isa = PBXFileReference; lastKnownFileType = sourcecode.swift; path = shrimpBarbie.swift; sourceTree = "<group>"; };
		745F07FF2CB98D94002D5319 /* cookIt.swift */ = {isa = PBXFileReference; lastKnownFileType = sourcecode.swift; path = cookIt.swift; sourceTree = "<group>"; };
		745F08012CB98E69002D5319 /* eatIt.swift */ = {isa = PBXFileReference; lastKnownFileType = sourcecode.swift; path = eatIt.swift; sourceTree = "<group>"; };
		745F08032CB98F2A002D5319 /* AngryOne.swift */ = {isa = PBXFileReference; lastKnownFileType = sourcecode.swift; path = AngryOne.swift; sourceTree = "<group>"; };
		745F08052CB98FE7002D5319 /* AngryTwo.swift */ = {isa = PBXFileReference; lastKnownFileType = sourcecode.swift; path = AngryTwo.swift; sourceTree = "<group>"; };
		745F08072CB9905A002D5319 /* AngryThree.swift */ = {isa = PBXFileReference; lastKnownFileType = sourcecode.swift; path = AngryThree.swift; sourceTree = "<group>"; };
		745F080A2CB990F5002D5319 /* Armory.swift */ = {isa = PBXFileReference; lastKnownFileType = sourcecode.swift; path = Armory.swift; sourceTree = "<group>"; };
		745F080C2CB991CD002D5319 /* Guns.swift */ = {isa = PBXFileReference; lastKnownFileType = sourcecode.swift; path = Guns.swift; sourceTree = "<group>"; };
		745F080E2CB99234002D5319 /* shootPistol.swift */ = {isa = PBXFileReference; lastKnownFileType = sourcecode.swift; path = shootPistol.swift; sourceTree = "<group>"; };
		745F08102CB9930A002D5319 /* shootShotgun.swift */ = {isa = PBXFileReference; lastKnownFileType = sourcecode.swift; path = shootShotgun.swift; sourceTree = "<group>"; };
		745F08122CB99381002D5319 /* burgers.swift */ = {isa = PBXFileReference; lastKnownFileType = sourcecode.swift; path = burgers.swift; sourceTree = "<group>"; };
		745F08142CB99448002D5319 /* freezer.swift */ = {isa = PBXFileReference; lastKnownFileType = sourcecode.swift; path = freezer.swift; sourceTree = "<group>"; };
		745F08162CB994D4002D5319 /* lockFreezer.swift */ = {isa = PBXFileReference; lastKnownFileType = sourcecode.swift; path = lockFreezer.swift; sourceTree = "<group>"; };
		745F081C2CB9966C002D5319 /* lockFreezerTwo.swift */ = {isa = PBXFileReference; lastKnownFileType = sourcecode.swift; path = lockFreezerTwo.swift; sourceTree = "<group>"; };
/* End PBXFileReference section */

/* Begin PBXFrameworksBuildPhase section */
		745F07CF2CB97B38002D5319 /* Frameworks */ = {
			isa = PBXFrameworksBuildPhase;
			buildActionMask = 2147483647;
			files = (
			);
			runOnlyForDeploymentPostprocessing = 0;
		};
/* End PBXFrameworksBuildPhase section */

/* Begin PBXGroup section */
		745F07C92CB97B38002D5319 = {
			isa = PBXGroup;
			children = (
				745F07D42CB97B38002D5319 /* TheEclipseProtocol */,
				745F07D32CB97B38002D5319 /* Products */,
			);
			sourceTree = "<group>";
		};
		745F07D32CB97B38002D5319 /* Products */ = {
			isa = PBXGroup;
			children = (
				745F07D22CB97B38002D5319 /* TheEclipseProtocol */,
			);
			name = Products;
			sourceTree = "<group>";
		};
		745F07D42CB97B38002D5319 /* TheEclipseProtocol */ = {
			isa = PBXGroup;
			children = (
				745F07D52CB97B38002D5319 /* main.swift */,
				745F07DC2CB97D82002D5319 /* Utility.swift */,
				745F07E02CB981DB002D5319 /* Options */,
			);
			path = TheEclipseProtocol;
			sourceTree = "<group>";
		};
		745F07E02CB981DB002D5319 /* Options */ = {
			isa = PBXGroup;
			children = (
				745F07DE2CB981B8002D5319 /* Restore.swift */,
				745F07EB2CB9883E002D5319 /* Power */,
				745F07E12CB9833E002D5319 /* Engines */,
			);
			path = Options;
			sourceTree = "<group>";
		};
		745F07E12CB9833E002D5319 /* Engines */ = {
			isa = PBXGroup;
			children = (
				745F07E22CB98352002D5319 /* Manually.swift */,
				745F07E42CB98477002D5319 /* MoonWalk.swift */,
				745F07E62CB9856D002D5319 /* Earth.swift */,
				745F07E82CB98629002D5319 /* nations.swift */,
			);
			path = Engines;
			sourceTree = "<group>";
		};
		745F07EB2CB9883E002D5319 /* Power */ = {
			isa = PBXGroup;
			children = (
				745F07EC2CB98859002D5319 /* ShipAI.swift */,
				745F07FC2CB98C6A002D5319 /* BritishGuy */,
				745F08092CB990CB002D5319 /* AmericanGuy */,
				745F07EF2CB98990002D5319 /* GenericRobot */,
			);
			path = Power;
			sourceTree = "<group>";
		};
		745F07EF2CB98990002D5319 /* GenericRobot */ = {
			isa = PBXGroup;
			children = (
				745F07F02CB989B2002D5319 /* QuestionOne.swift */,
				745F07F42CB98A65002D5319 /* QuestionOneY.swift */,
				745F07FA2CB98BD0002D5319 /* QuestionOneYY.swift */,
				745F07F82CB98BA7002D5319 /* QuestionOneYYN.swift */,
			);
			path = GenericRobot;
			sourceTree = "<group>";
		};
		745F07FC2CB98C6A002D5319 /* BritishGuy */ = {
			isa = PBXGroup;
			children = (
				745F07FD2CB98CA1002D5319 /* shrimpBarbie.swift */,
				745F07FF2CB98D94002D5319 /* cookIt.swift */,
				745F08012CB98E69002D5319 /* eatIt.swift */,
				745F08032CB98F2A002D5319 /* AngryOne.swift */,
				745F08052CB98FE7002D5319 /* AngryTwo.swift */,
				745F08072CB9905A002D5319 /* AngryThree.swift */,
			);
			path = BritishGuy;
			sourceTree = "<group>";
		};
		745F08092CB990CB002D5319 /* AmericanGuy */ = {
			isa = PBXGroup;
			children = (
				745F080A2CB990F5002D5319 /* Armory.swift */,
				745F080C2CB991CD002D5319 /* Guns.swift */,
				745F080E2CB99234002D5319 /* shootPistol.swift */,
				745F08102CB9930A002D5319 /* shootShotgun.swift */,
				745F08122CB99381002D5319 /* burgers.swift */,
				745F08142CB99448002D5319 /* freezer.swift */,
				745F08162CB994D4002D5319 /* lockFreezer.swift */,
				745F081C2CB9966C002D5319 /* lockFreezerTwo.swift */,
			);
			path = AmericanGuy;
			sourceTree = "<group>";
		};
/* End PBXGroup section */

/* Begin PBXNativeTarget section */
		745F07D12CB97B38002D5319 /* TheEclipseProtocol */ = {
			isa = PBXNativeTarget;
			buildConfigurationList = 745F07D92CB97B38002D5319 /* Build configuration list for PBXNativeTarget "TheEclipseProtocol" */;
			buildPhases = (
				745F07CE2CB97B38002D5319 /* Sources */,
				745F07CF2CB97B38002D5319 /* Frameworks */,
				745F07D02CB97B38002D5319 /* CopyFiles */,
			);
			buildRules = (
			);
			dependencies = (
			);
			name = TheEclipseProtocol;
			productName = TheEclipseProtocol;
			productReference = 745F07D22CB97B38002D5319 /* TheEclipseProtocol */;
			productType = "com.apple.product-type.tool";
		};
/* End PBXNativeTarget section */

/* Begin PBXProject section */
		745F07CA2CB97B38002D5319 /* Project object */ = {
			isa = PBXProject;
			attributes = {
				BuildIndependentTargetsInParallel = 1;
				LastSwiftUpdateCheck = 1540;
				LastUpgradeCheck = 1540;
				TargetAttributes = {
					745F07D12CB97B38002D5319 = {
						CreatedOnToolsVersion = 15.4;
					};
				};
			};
			buildConfigurationList = 745F07CD2CB97B38002D5319 /* Build configuration list for PBXProject "TheEclipseProtocol" */;
			compatibilityVersion = "Xcode 14.0";
			developmentRegion = en;
			hasScannedForEncodings = 0;
			knownRegions = (
				en,
				Base,
			);
			mainGroup = 745F07C92CB97B38002D5319;
			productRefGroup = 745F07D32CB97B38002D5319 /* Products */;
			projectDirPath = "";
			projectRoot = "";
			targets = (
				745F07D12CB97B38002D5319 /* TheEclipseProtocol */,
			);
		};
/* End PBXProject section */

/* Begin PBXSourcesBuildPhase section */
		745F07CE2CB97B38002D5319 /* Sources */ = {
			isa = PBXSourcesBuildPhase;
			buildActionMask = 2147483647;
			files = (
				745F07E32CB98352002D5319 /* Manually.swift in Sources */,
				745F07F12CB989B2002D5319 /* QuestionOne.swift in Sources */,
				745F08112CB9930A002D5319 /* shootShotgun.swift in Sources */,
				745F07F52CB98A65002D5319 /* QuestionOneY.swift in Sources */,
				745F07E52CB98477002D5319 /* MoonWalk.swift in Sources */,
				745F08002CB98D94002D5319 /* cookIt.swift in Sources */,
				745F080F2CB99234002D5319 /* shootPistol.swift in Sources */,
				745F07E72CB9856D002D5319 /* Earth.swift in Sources */,
				745F08062CB98FE7002D5319 /* AngryTwo.swift in Sources */,
				745F081D2CB9966C002D5319 /* lockFreezerTwo.swift in Sources */,
				745F07DF2CB981B8002D5319 /* Restore.swift in Sources */,
				745F07E92CB98629002D5319 /* nations.swift in Sources */,
				745F08172CB994D4002D5319 /* lockFreezer.swift in Sources */,
				745F08022CB98E69002D5319 /* eatIt.swift in Sources */,
				745F08132CB99381002D5319 /* burgers.swift in Sources */,
				745F07FE2CB98CA1002D5319 /* shrimpBarbie.swift in Sources */,
				745F07ED2CB98859002D5319 /* ShipAI.swift in Sources */,
				745F07F92CB98BA7002D5319 /* QuestionOneYYN.swift in Sources */,
				745F08042CB98F2A002D5319 /* AngryOne.swift in Sources */,
				745F080D2CB991CD002D5319 /* Guns.swift in Sources */,
				745F080B2CB990F5002D5319 /* Armory.swift in Sources */,
				745F08152CB99448002D5319 /* freezer.swift in Sources */,
				745F08082CB9905A002D5319 /* AngryThree.swift in Sources */,
				745F07DD2CB97D82002D5319 /* Utility.swift in Sources */,
				745F07FB2CB98BD0002D5319 /* QuestionOneYY.swift in Sources */,
				745F07D62CB97B38002D5319 /* main.swift in Sources */,
			);
			runOnlyForDeploymentPostprocessing = 0;
		};
/* End PBXSourcesBuildPhase section */

/* Begin XCBuildConfiguration section */
		745F07D72CB97B38002D5319 /* Debug */ = {
			isa = XCBuildConfiguration;
			buildSettings = {
				ALWAYS_SEARCH_USER_PATHS = NO;
				ASSETCATALOG_COMPILER_GENERATE_SWIFT_ASSET_SYMBOL_EXTENSIONS = YES;
				CLANG_ANALYZER_NONNULL = YES;
				CLANG_ANALYZER_NUMBER_OBJECT_CONVERSION = YES_AGGRESSIVE;
				CLANG_CXX_LANGUAGE_STANDARD = "gnu++20";
				CLANG_ENABLE_MODULES = YES;
				CLANG_ENABLE_OBJC_ARC = YES;
				CLANG_ENABLE_OBJC_WEAK = YES;
				CLANG_WARN_BLOCK_CAPTURE_AUTORELEASING = YES;
				CLANG_WARN_BOOL_CONVERSION = YES;
				CLANG_WARN_COMMA = YES;
				CLANG_WARN_CONSTANT_CONVERSION = YES;
				CLANG_WARN_DEPRECATED_OBJC_IMPLEMENTATIONS = YES;
				CLANG_WARN_DIRECT_OBJC_ISA_USAGE = YES_ERROR;
				CLANG_WARN_DOCUMENTATION_COMMENTS = YES;
				CLANG_WARN_EMPTY_BODY = YES;
				CLANG_WARN_ENUM_CONVERSION = YES;
				CLANG_WARN_INFINITE_RECURSION = YES;
				CLANG_WARN_INT_CONVERSION = YES;
				CLANG_WARN_NON_LITERAL_NULL_CONVERSION = YES;
				CLANG_WARN_OBJC_IMPLICIT_RETAIN_SELF = YES;
				CLANG_WARN_OBJC_LITERAL_CONVERSION = YES;
				CLANG_WARN_OBJC_ROOT_CLASS = YES_ERROR;
				CLANG_WARN_QUOTED_INCLUDE_IN_FRAMEWORK_HEADER = YES;
				CLANG_WARN_RANGE_LOOP_ANALYSIS = YES;
				CLANG_WARN_STRICT_PROTOTYPES = YES;
				CLANG_WARN_SUSPICIOUS_MOVE = YES;
				CLANG_WARN_UNGUARDED_AVAILABILITY = YES_AGGRESSIVE;
				CLANG_WARN_UNREACHABLE_CODE = YES;
				CLANG_WARN__DUPLICATE_METHOD_MATCH = YES;
				COPY_PHASE_STRIP = NO;
				DEBUG_INFORMATION_FORMAT = dwarf;
				ENABLE_STRICT_OBJC_MSGSEND = YES;
				ENABLE_TESTABILITY = YES;
				ENABLE_USER_SCRIPT_SANDBOXING = YES;
				GCC_C_LANGUAGE_STANDARD = gnu17;
				GCC_DYNAMIC_NO_PIC = NO;
				GCC_NO_COMMON_BLOCKS = YES;
				GCC_OPTIMIZATION_LEVEL = 0;
				GCC_PREPROCESSOR_DEFINITIONS = (
					"DEBUG=1",
					"$(inherited)",
				);
				GCC_WARN_64_TO_32_BIT_CONVERSION = YES;
				GCC_WARN_ABOUT_RETURN_TYPE = YES_ERROR;
				GCC_WARN_UNDECLARED_SELECTOR = YES;
				GCC_WARN_UNINITIALIZED_AUTOS = YES_AGGRESSIVE;
				GCC_WARN_UNUSED_FUNCTION = YES;
				GCC_WARN_UNUSED_VARIABLE = YES;
				LOCALIZATION_PREFERS_STRING_CATALOGS = YES;
				MACOSX_DEPLOYMENT_TARGET = 14.4;
				MTL_ENABLE_DEBUG_INFO = INCLUDE_SOURCE;
				MTL_FAST_MATH = YES;
				ONLY_ACTIVE_ARCH = YES;
				SDKROOT = macosx;
				SWIFT_ACTIVE_COMPILATION_CONDITIONS = "DEBUG $(inherited)";
				SWIFT_OPTIMIZATION_LEVEL = "-Onone";
			};
			name = Debug;
		};
		745F07D82CB97B38002D5319 /* Release */ = {
			isa = XCBuildConfiguration;
			buildSettings = {
				ALWAYS_SEARCH_USER_PATHS = NO;
				ASSETCATALOG_COMPILER_GENERATE_SWIFT_ASSET_SYMBOL_EXTENSIONS = YES;
				CLANG_ANALYZER_NONNULL = YES;
				CLANG_ANALYZER_NUMBER_OBJECT_CONVERSION = YES_AGGRESSIVE;
				CLANG_CXX_LANGUAGE_STANDARD = "gnu++20";
				CLANG_ENABLE_MODULES = YES;
				CLANG_ENABLE_OBJC_ARC = YES;
				CLANG_ENABLE_OBJC_WEAK = YES;
				CLANG_WARN_BLOCK_CAPTURE_AUTORELEASING = YES;
				CLANG_WARN_BOOL_CONVERSION = YES;
				CLANG_WARN_COMMA = YES;
				CLANG_WARN_CONSTANT_CONVERSION = YES;
				CLANG_WARN_DEPRECATED_OBJC_IMPLEMENTATIONS = YES;
				CLANG_WARN_DIRECT_OBJC_ISA_USAGE = YES_ERROR;
				CLANG_WARN_DOCUMENTATION_COMMENTS = YES;
				CLANG_WARN_EMPTY_BODY = YES;
				CLANG_WARN_ENUM_CONVERSION = YES;
				CLANG_WARN_INFINITE_RECURSION = YES;
				CLANG_WARN_INT_CONVERSION = YES;
				CLANG_WARN_NON_LITERAL_NULL_CONVERSION = YES;
				CLANG_WARN_OBJC_IMPLICIT_RETAIN_SELF = YES;
				CLANG_WARN_OBJC_LITERAL_CONVERSION = YES;
				CLANG_WARN_OBJC_ROOT_CLASS = YES_ERROR;
				CLANG_WARN_QUOTED_INCLUDE_IN_FRAMEWORK_HEADER = YES;
				CLANG_WARN_RANGE_LOOP_ANALYSIS = YES;
				CLANG_WARN_STRICT_PROTOTYPES = YES;
				CLANG_WARN_SUSPICIOUS_MOVE = YES;
				CLANG_WARN_UNGUARDED_AVAILABILITY = YES_AGGRESSIVE;
				CLANG_WARN_UNREACHABLE_CODE = YES;
				CLANG_WARN__DUPLICATE_METHOD_MATCH = YES;
				COPY_PHASE_STRIP = NO;
				DEBUG_INFORMATION_FORMAT = "dwarf-with-dsym";
				ENABLE_NS_ASSERTIONS = NO;
				ENABLE_STRICT_OBJC_MSGSEND = YES;
				ENABLE_USER_SCRIPT_SANDBOXING = YES;
				GCC_C_LANGUAGE_STANDARD = gnu17;
				GCC_NO_COMMON_BLOCKS = YES;
				GCC_WARN_64_TO_32_BIT_CONVERSION = YES;
				GCC_WARN_ABOUT_RETURN_TYPE = YES_ERROR;
				GCC_WARN_UNDECLARED_SELECTOR = YES;
				GCC_WARN_UNINITIALIZED_AUTOS = YES_AGGRESSIVE;
				GCC_WARN_UNUSED_FUNCTION = YES;
				GCC_WARN_UNUSED_VARIABLE = YES;
				LOCALIZATION_PREFERS_STRING_CATALOGS = YES;
				MACOSX_DEPLOYMENT_TARGET = 14.4;
				MTL_ENABLE_DEBUG_INFO = NO;
				MTL_FAST_MATH = YES;
				SDKROOT = macosx;
				SWIFT_COMPILATION_MODE = wholemodule;
			};
			name = Release;
		};
		745F07DA2CB97B38002D5319 /* Debug */ = {
			isa = XCBuildConfiguration;
			buildSettings = {
				CODE_SIGN_STYLE = Automatic;
				PRODUCT_NAME = "$(TARGET_NAME)";
				SWIFT_VERSION = 5.0;
			};
			name = Debug;
		};
		745F07DB2CB97B38002D5319 /* Release */ = {
			isa = XCBuildConfiguration;
			buildSettings = {
				CODE_SIGN_STYLE = Automatic;
				PRODUCT_NAME = "$(TARGET_NAME)";
				SWIFT_VERSION = 5.0;
			};
			name = Release;
		};
/* End XCBuildConfiguration section */

/* Begin XCConfigurationList section */
		745F07CD2CB97B38002D5319 /* Build configuration list for PBXProject "TheEclipseProtocol" */ = {
			isa = XCConfigurationList;
			buildConfigurations = (
				745F07D72CB97B38002D5319 /* Debug */,
				745F07D82CB97B38002D5319 /* Release */,
			);
			defaultConfigurationIsVisible = 0;
			defaultConfigurationName = Release;
		};
		745F07D92CB97B38002D5319 /* Build configuration list for PBXNativeTarget "TheEclipseProtocol" */ = {
			isa = XCConfigurationList;
			buildConfigurations = (
				745F07DA2CB97B38002D5319 /* Debug */,
				745F07DB2CB97B38002D5319 /* Release */,
			);
			defaultConfigurationIsVisible = 0;
			defaultConfigurationName = Release;
		};
/* End XCConfigurationList section */
	};
	rootObject = 745F07CA2CB97B38002D5319 /* Project object */;
}
